
Microsoft Visual Studio Solution File, Format Version 12.00
# Visual Studio 15
VisualStudioVersion = 15.0.27130.2036
MinimumVisualStudioVersion = 10.0.40219.1
Project("{8BC9CEB8-8B4A-11D0-8D11-00A0C91BC942}") = "Project3", "Project3\Project3.vcxproj", "{DE5CE2C6-4BD5-4F9C-9AA6-BDB6BC4F4B18}"
EndProject
Project("{54435603-DBB4-11D2-8724-00A0C9A8B90C}") = "Setup1", "Setup1\Setup1.vdproj", "{7260F97E-2009-40EA-9E32-CA1CED7555B7}"
EndProject
Global
	GlobalSection(SolutionConfigurationPlatforms) = preSolution
		Debug|x64 = Debug|x64
		Debug|x86 = Debug|x86
		Release|x64 = Release|x64
		Release|x86 = Release|x86
	EndGlobalSection
	GlobalSection(ProjectConfigurationPlatforms) = postSolution
		{DE5CE2C6-4BD5-4F9C-9AA6-BDB6BC4F4B18}.Debug|x64.ActiveCfg = Debug|x64
		{DE5CE2C6-4BD5-4F9C-9AA6-BDB6BC4F4B18}.Debug|x64.Build.0 = Debug|x64
		{DE5CE2C6-4BD5-4F9C-9AA6-BDB6BC4F4B18}.Debug|x86.ActiveCfg = Debug|Win32
		{DE5CE2C6-4BD5-4F9C-9AA6-BDB6BC4F4B18}.Debug|x86.Build.0 = Debug|Win32
		{DE5CE2C6-4BD5-4F9C-9AA6-BDB6BC4F4B18}.Release|x64.ActiveCfg = Release|x64
		{DE5CE2C6-4BD5-4F9C-9AA6-BDB6BC4F4B18}.Release|x64.Build.0 = Release|x64
		{DE5CE2C6-4BD5-4F9C-9AA6-BDB6BC4F4B18}.Release|x86.ActiveCfg = Release|Win32
		{DE5CE2C6-4BD5-4F9C-9AA6-BDB6BC4F4B18}.Release|x86.Build.0 = Release|Win32
		{7260F97E-2009-40EA-9E32-CA1CED7555B7}.Debug|x64.ActiveCfg = Debug
		{7260F97E-2009-40EA-9E32-CA1CED7555B7}.Debug|x86.ActiveCfg = Debug
		{7260F97E-2009-40EA-9E32-CA1CED7555B7}.Release|x64.ActiveCfg = Release
		{7260F97E-2009-40EA-9E32-CA1CED7555B7}.Release|x86.ActiveCfg = Release
	EndGlobalSection
	GlobalSection(SolutionProperties) = preSolution
		HideSolutionNode = FALSE
	EndGlobalSection
	GlobalSection(ExtensibilityGlobals) = postSolution
		SolutionGuid = {9407F108-5F9D-481A-B22E-1E5C150B4EF1}
	EndGlobalSection
EndGlobal
